
Microsoft Visual Studio Solution File, Format Version 12.00
# Visual Studio Version 17
VisualStudioVersion = 17.14.36414.22
MinimumVisualStudioVersion = 10.0.40219.1
Project("{FAE04EC0-301F-11D3-BF4B-00C04F79EFBC}") = "HelloWorld", "HelloWorld\HelloWorld.csproj", "{18C66676-7B86-4EDB-A891-44EE5F03E545}"
EndProject
Project("{FAE04EC0-301F-11D3-BF4B-00C04F79EFBC}") = "DataTypes", "DataTypes\DataTypes.csproj", "{B68BFC54-33D1-4AE0-8336-D4C11FA55FBE}"
EndProject
Project("{FAE04EC0-301F-11D3-BF4B-00C04F79EFBC}") = "WriteApp", "WriteApp\WriteApp.csproj", "{6D84781C-2E2F-46EA-B677-0688D842B4F6}"
EndProject
Project("{FAE04EC0-301F-11D3-BF4B-00C04F79EFBC}") = "ReadApp", "ReadApp\ReadApp.csproj", "{AD35A4F9-794B-4CD2-B9BC-92D8EF59C593}"
EndProject
Project("{FAE04EC0-301F-11D3-BF4B-00C04F79EFBC}") = "SafeReadApp", "SafeReadApp\SafeReadApp.csproj", "{770DFBD2-6B76-40B8-B3C3-2FB0C22FD2A6}"
EndProject
Project("{FAE04EC0-301F-11D3-BF4B-00C04F79EFBC}") = "ExpressionsApp", "ExpressionsApp\ExpressionsApp.csproj", "{3BC51540-62A6-409E-9C73-7445E4CC7955}"
EndProject
Project("{FAE04EC0-301F-11D3-BF4B-00C04F79EFBC}") = "EurosToDollars", "EurosToDollars\EurosToDollars.csproj", "{5131F6BE-79AE-4223-A127-ADE293BA8632}"
EndProject
Project("{FAE04EC0-301F-11D3-BF4B-00C04F79EFBC}") = "GradesApp", "GradesApp\GradesApp.csproj", "{131F28B9-E91D-482D-ABC7-8356135CDF63}"
EndProject
Project("{FAE04EC0-301F-11D3-BF4B-00C04F79EFBC}") = "TernaryApp", "TernaryApp\TernaryApp.csproj", "{51B4A67C-26B0-4635-9551-F0B070C5E843}"
EndProject
Project("{FAE04EC0-301F-11D3-BF4B-00C04F79EFBC}") = "WhileApp", "WhileApp\WhileApp.csproj", "{81069EFB-79D5-4175-959F-A568DE4FAD9E}"
EndProject
Project("{FAE04EC0-301F-11D3-BF4B-00C04F79EFBC}") = "IgnoreNegativesApp", "IgnoreNegativesApp\IgnoreNegativesApp.csproj", "{0865A3F8-CB66-49B4-9DC2-CA03E134B08D}"
EndProject
Project("{FAE04EC0-301F-11D3-BF4B-00C04F79EFBC}") = "BigIntegerApp", "BigIntegerApp\BigIntegerApp.csproj", "{E68BC8A3-65EB-4081-99A1-6D4DDEEECEE5}"
EndProject
Project("{FAE04EC0-301F-11D3-BF4B-00C04F79EFBC}") = "CharReadDoWhileApp", "CharReadDoWhileApp\CharReadDoWhileApp.csproj", "{C550C725-51BB-46E3-8A9B-D6243331ED83}"
EndProject
Project("{FAE04EC0-301F-11D3-BF4B-00C04F79EFBC}") = "ForApp", "ForApp\ForApp.csproj", "{7EA9228B-805A-4D9A-958A-59E09E7E8BA1}"
EndProject
Project("{FAE04EC0-301F-11D3-BF4B-00C04F79EFBC}") = "EnhancedForApp", "EnhancedForApp\EnhancedForApp.csproj", "{4F8C9C49-F83F-499C-BC45-27ED8F3A1835}"
EndProject
Project("{FAE04EC0-301F-11D3-BF4B-00C04F79EFBC}") = "FormatExceptionApp", "FormatExceptionApp\FormatExceptionApp.csproj", "{C4BC5772-081A-4655-8366-FC75D4C0E844}"
EndProject
Project("{FAE04EC0-301F-11D3-BF4B-00C04F79EFBC}") = "DigitsCountApp", "DigitsCountApp\DigitsCountApp.csproj", "{E938745B-57A3-4692-A704-A50E48AD0E75}"
EndProject
Project("{FAE04EC0-301F-11D3-BF4B-00C04F79EFBC}") = "SwapApp", "SwapApp\SwapApp.csproj", "{0E477BCF-780C-4B76-BE9C-F59AD5814093}"
EndProject
Project("{FAE04EC0-301F-11D3-BF4B-00C04F79EFBC}") = "ArraysApp", "ArraysApp\ArraysApp.csproj", "{E8F36240-5E79-4DAC-80EB-26F0E8CBE74A}"
EndProject
Project("{FAE04EC0-301F-11D3-BF4B-00C04F79EFBC}") = "ArrayMin", "ArrayMin\ArrayMin.csproj", "{90D70B78-2096-434F-BB81-CD1D34B1E389}"
EndProject
Project("{FAE04EC0-301F-11D3-BF4B-00C04F79EFBC}") = "SelectionSort", "SelectionSort\SelectionSort.csproj", "{9C42A66D-2AD6-4543-A52D-2A4E6BF944AC}"
EndProject
Project("{FAE04EC0-301F-11D3-BF4B-00C04F79EFBC}") = "PalindromeApp", "PalindromeApp\PalindromeApp.csproj", "{2FFFD345-5A48-4D80-AB2A-22843F76EBDB}"
EndProject
Project("{FAE04EC0-301F-11D3-BF4B-00C04F79EFBC}") = "ArrayUtilApp", "ArrayUtilApp\ArrayUtilApp.csproj", "{B5E1BD84-2C27-4C88-B426-93908A701405}"
EndProject
Project("{FAE04EC0-301F-11D3-BF4B-00C04F79EFBC}") = "TwoDimArrayApp", "TwoDimArrayApp\TwoDimArrayApp.csproj", "{1E454E0A-A7F7-417E-A885-4256C11D8602}"
EndProject
Project("{FAE04EC0-301F-11D3-BF4B-00C04F79EFBC}") = "StringApp", "StringApp\StringApp.csproj", "{C8BE381C-5C97-4B54-81ED-A913237EBC8F}"
EndProject
Project("{FAE04EC0-301F-11D3-BF4B-00C04F79EFBC}") = "PascalTriangle", "PascalTriangle\PascalTriangle.csproj", "{EBC3D3D4-74F1-4B32-AF19-A50512CFD420}"
EndProject
Project("{FAE04EC0-301F-11D3-BF4B-00C04F79EFBC}") = "StrEqualsAndCompare", "StrEqualsAndCompare\StrEqualsAndCompare.csproj", "{01706FE9-1862-4215-8948-F897CF6600FD}"
EndProject
Project("{FAE04EC0-301F-11D3-BF4B-00C04F79EFBC}") = "StrHelperMethods", "StrHelperMethods\StrHelperMethods.csproj", "{F6574F6E-6874-494B-A578-8E0989EE8D05}"
EndProject
Project("{FAE04EC0-301F-11D3-BF4B-00C04F79EFBC}") = "NullableStr", "NullableStr\NullableStr.csproj", "{B9ECE55A-63CE-4557-A6BC-2BA48D4D8ADF}"
EndProject
Project("{FAE04EC0-301F-11D3-BF4B-00C04F79EFBC}") = "StrBuilderApp", "StrBuilderApp\StrBuilderApp.csproj", "{2DE4C818-8AE0-4E7A-839D-E236DC32CD31}"
EndProject
Project("{FAE04EC0-301F-11D3-BF4B-00C04F79EFBC}") = "RegExApp", "RegExApp\RegExApp.csproj", "{75C73A30-F6BD-43B3-AE5C-57EDA83FF710}"
EndProject
Project("{FAE04EC0-301F-11D3-BF4B-00C04F79EFBC}") = "MethodsApp", "MethodsApp\MethodsApp.csproj", "{8F80DA9B-8DF0-45C8-86D5-545FE52D44E9}"
EndProject
Project("{FAE04EC0-301F-11D3-BF4B-00C04F79EFBC}") = "StudentApp", "StudentApp\StudentApp.csproj", "{EAE68827-7123-4BCA-8B2C-39F54D39DAAF}"
EndProject
Project("{FAE04EC0-301F-11D3-BF4B-00C04F79EFBC}") = "AccountApp", "AccountApp\AccountApp.csproj", "{CE9847E7-D5A5-43CC-A4EE-97284B244C11}"
EndProject
Project("{FAE04EC0-301F-11D3-BF4B-00C04F79EFBC}") = "PointApp", "PointApp\PointApp.csproj", "{51B1F8C7-AA7A-4CD6-988B-F0DEB69CCE9D}"
EndProject
Project("{FAE04EC0-301F-11D3-BF4B-00C04F79EFBC}") = "FractionApp", "FractionApp\FractionApp.csproj", "{F951D11E-5A43-459F-A4E5-70E0E0E69468}"
EndProject
Project("{FAE04EC0-301F-11D3-BF4B-00C04F79EFBC}") = "ShallowDeepCopyApp", "ShallowDeepCopyApp\ShallowDeepCopyApp.csproj", "{AF89661C-5EFB-4BC3-BFC6-724B3902CF1B}"
EndProject
Project("{FAE04EC0-301F-11D3-BF4B-00C04F79EFBC}") = "AbstractClassesApp", "AbstractClassesApp\AbstractClassesApp.csproj", "{5ABB5FDC-4E4D-4C21-BCE1-3853D86E662E}"
EndProject
Project("{FAE04EC0-301F-11D3-BF4B-00C04F79EFBC}") = "InterfacesApp", "InterfacesApp\InterfacesApp.csproj", "{AB76D635-8D29-4F25-9148-E0A863D470A1}"
EndProject
Project("{FAE04EC0-301F-11D3-BF4B-00C04F79EFBC}") = "DependencyInjectionApp", "DependencyInjectionApp\DependencyInjectionApp.csproj", "{C714F947-6915-4EA6-A564-664F4C131CC7}"
EndProject
Project("{FAE04EC0-301F-11D3-BF4B-00C04F79EFBC}") = "CollectionsApp", "CollectionsApp\CollectionsApp.csproj", "{7AE447A4-D3BA-44AF-90BF-DB6815D26724}"
EndProject
Project("{FAE04EC0-301F-11D3-BF4B-00C04F79EFBC}") = "LINQApp", "LINQApp\LINQApp.csproj", "{34649688-ED77-4256-91FE-06A6752C883A}"
EndProject
Project("{FAE04EC0-301F-11D3-BF4B-00C04F79EFBC}") = "FileManagement", "FileManagement\FileManagement.csproj", "{1F42C28B-243C-4C08-AEA3-16C01A31994B}"
EndProject
Global
	GlobalSection(SolutionConfigurationPlatforms) = preSolution
		Debug|Any CPU = Debug|Any CPU
		Release|Any CPU = Release|Any CPU
	EndGlobalSection
	GlobalSection(ProjectConfigurationPlatforms) = postSolution
		{18C66676-7B86-4EDB-A891-44EE5F03E545}.Debug|Any CPU.ActiveCfg = Debug|Any CPU
		{18C66676-7B86-4EDB-A891-44EE5F03E545}.Debug|Any CPU.Build.0 = Debug|Any CPU
		{18C66676-7B86-4EDB-A891-44EE5F03E545}.Release|Any CPU.ActiveCfg = Release|Any CPU
		{18C66676-7B86-4EDB-A891-44EE5F03E545}.Release|Any CPU.Build.0 = Release|Any CPU
		{B68BFC54-33D1-4AE0-8336-D4C11FA55FBE}.Debug|Any CPU.ActiveCfg = Debug|Any CPU
		{B68BFC54-33D1-4AE0-8336-D4C11FA55FBE}.Debug|Any CPU.Build.0 = Debug|Any CPU
		{B68BFC54-33D1-4AE0-8336-D4C11FA55FBE}.Release|Any CPU.ActiveCfg = Release|Any CPU
		{B68BFC54-33D1-4AE0-8336-D4C11FA55FBE}.Release|Any CPU.Build.0 = Release|Any CPU
		{6D84781C-2E2F-46EA-B677-0688D842B4F6}.Debug|Any CPU.ActiveCfg = Debug|Any CPU
		{6D84781C-2E2F-46EA-B677-0688D842B4F6}.Debug|Any CPU.Build.0 = Debug|Any CPU
		{6D84781C-2E2F-46EA-B677-0688D842B4F6}.Release|Any CPU.ActiveCfg = Release|Any CPU
		{6D84781C-2E2F-46EA-B677-0688D842B4F6}.Release|Any CPU.Build.0 = Release|Any CPU
		{AD35A4F9-794B-4CD2-B9BC-92D8EF59C593}.Debug|Any CPU.ActiveCfg = Debug|Any CPU
		{AD35A4F9-794B-4CD2-B9BC-92D8EF59C593}.Debug|Any CPU.Build.0 = Debug|Any CPU
		{AD35A4F9-794B-4CD2-B9BC-92D8EF59C593}.Release|Any CPU.ActiveCfg = Release|Any CPU
		{AD35A4F9-794B-4CD2-B9BC-92D8EF59C593}.Release|Any CPU.Build.0 = Release|Any CPU
		{770DFBD2-6B76-40B8-B3C3-2FB0C22FD2A6}.Debug|Any CPU.ActiveCfg = Debug|Any CPU
		{770DFBD2-6B76-40B8-B3C3-2FB0C22FD2A6}.Debug|Any CPU.Build.0 = Debug|Any CPU
		{770DFBD2-6B76-40B8-B3C3-2FB0C22FD2A6}.Release|Any CPU.ActiveCfg = Release|Any CPU
		{770DFBD2-6B76-40B8-B3C3-2FB0C22FD2A6}.Release|Any CPU.Build.0 = Release|Any CPU
		{3BC51540-62A6-409E-9C73-7445E4CC7955}.Debug|Any CPU.ActiveCfg = Debug|Any CPU
		{3BC51540-62A6-409E-9C73-7445E4CC7955}.Debug|Any CPU.Build.0 = Debug|Any CPU
		{3BC51540-62A6-409E-9C73-7445E4CC7955}.Release|Any CPU.ActiveCfg = Release|Any CPU
		{3BC51540-62A6-409E-9C73-7445E4CC7955}.Release|Any CPU.Build.0 = Release|Any CPU
		{5131F6BE-79AE-4223-A127-ADE293BA8632}.Debug|Any CPU.ActiveCfg = Debug|Any CPU
		{5131F6BE-79AE-4223-A127-ADE293BA8632}.Debug|Any CPU.Build.0 = Debug|Any CPU
		{5131F6BE-79AE-4223-A127-ADE293BA8632}.Release|Any CPU.ActiveCfg = Release|Any CPU
		{5131F6BE-79AE-4223-A127-ADE293BA8632}.Release|Any CPU.Build.0 = Release|Any CPU
		{131F28B9-E91D-482D-ABC7-8356135CDF63}.Debug|Any CPU.ActiveCfg = Debug|Any CPU
		{131F28B9-E91D-482D-ABC7-8356135CDF63}.Debug|Any CPU.Build.0 = Debug|Any CPU
		{131F28B9-E91D-482D-ABC7-8356135CDF63}.Release|Any CPU.ActiveCfg = Release|Any CPU
		{131F28B9-E91D-482D-ABC7-8356135CDF63}.Release|Any CPU.Build.0 = Release|Any CPU
		{51B4A67C-26B0-4635-9551-F0B070C5E843}.Debug|Any CPU.ActiveCfg = Debug|Any CPU
		{51B4A67C-26B0-4635-9551-F0B070C5E843}.Debug|Any CPU.Build.0 = Debug|Any CPU
		{51B4A67C-26B0-4635-9551-F0B070C5E843}.Release|Any CPU.ActiveCfg = Release|Any CPU
		{51B4A67C-26B0-4635-9551-F0B070C5E843}.Release|Any CPU.Build.0 = Release|Any CPU
		{81069EFB-79D5-4175-959F-A568DE4FAD9E}.Debug|Any CPU.ActiveCfg = Debug|Any CPU
		{81069EFB-79D5-4175-959F-A568DE4FAD9E}.Debug|Any CPU.Build.0 = Debug|Any CPU
		{81069EFB-79D5-4175-959F-A568DE4FAD9E}.Release|Any CPU.ActiveCfg = Release|Any CPU
		{81069EFB-79D5-4175-959F-A568DE4FAD9E}.Release|Any CPU.Build.0 = Release|Any CPU
		{0865A3F8-CB66-49B4-9DC2-CA03E134B08D}.Debug|Any CPU.ActiveCfg = Debug|Any CPU
		{0865A3F8-CB66-49B4-9DC2-CA03E134B08D}.Debug|Any CPU.Build.0 = Debug|Any CPU
		{0865A3F8-CB66-49B4-9DC2-CA03E134B08D}.Release|Any CPU.ActiveCfg = Release|Any CPU
		{0865A3F8-CB66-49B4-9DC2-CA03E134B08D}.Release|Any CPU.Build.0 = Release|Any CPU
		{E68BC8A3-65EB-4081-99A1-6D4DDEEECEE5}.Debug|Any CPU.ActiveCfg = Debug|Any CPU
		{E68BC8A3-65EB-4081-99A1-6D4DDEEECEE5}.Debug|Any CPU.Build.0 = Debug|Any CPU
		{E68BC8A3-65EB-4081-99A1-6D4DDEEECEE5}.Release|Any CPU.ActiveCfg = Release|Any CPU
		{E68BC8A3-65EB-4081-99A1-6D4DDEEECEE5}.Release|Any CPU.Build.0 = Release|Any CPU
		{C550C725-51BB-46E3-8A9B-D6243331ED83}.Debug|Any CPU.ActiveCfg = Debug|Any CPU
		{C550C725-51BB-46E3-8A9B-D6243331ED83}.Debug|Any CPU.Build.0 = Debug|Any CPU
		{C550C725-51BB-46E3-8A9B-D6243331ED83}.Release|Any CPU.ActiveCfg = Release|Any CPU
		{C550C725-51BB-46E3-8A9B-D6243331ED83}.Release|Any CPU.Build.0 = Release|Any CPU
		{7EA9228B-805A-4D9A-958A-59E09E7E8BA1}.Debug|Any CPU.ActiveCfg = Debug|Any CPU
		{7EA9228B-805A-4D9A-958A-59E09E7E8BA1}.Debug|Any CPU.Build.0 = Debug|Any CPU
		{7EA9228B-805A-4D9A-958A-59E09E7E8BA1}.Release|Any CPU.ActiveCfg = Release|Any CPU
		{7EA9228B-805A-4D9A-958A-59E09E7E8BA1}.Release|Any CPU.Build.0 = Release|Any CPU
		{4F8C9C49-F83F-499C-BC45-27ED8F3A1835}.Debug|Any CPU.ActiveCfg = Debug|Any CPU
		{4F8C9C49-F83F-499C-BC45-27ED8F3A1835}.Debug|Any CPU.Build.0 = Debug|Any CPU
		{4F8C9C49-F83F-499C-BC45-27ED8F3A1835}.Release|Any CPU.ActiveCfg = Release|Any CPU
		{4F8C9C49-F83F-499C-BC45-27ED8F3A1835}.Release|Any CPU.Build.0 = Release|Any CPU
		{C4BC5772-081A-4655-8366-FC75D4C0E844}.Debug|Any CPU.ActiveCfg = Debug|Any CPU
		{C4BC5772-081A-4655-8366-FC75D4C0E844}.Debug|Any CPU.Build.0 = Debug|Any CPU
		{C4BC5772-081A-4655-8366-FC75D4C0E844}.Release|Any CPU.ActiveCfg = Release|Any CPU
		{C4BC5772-081A-4655-8366-FC75D4C0E844}.Release|Any CPU.Build.0 = Release|Any CPU
		{E938745B-57A3-4692-A704-A50E48AD0E75}.Debug|Any CPU.ActiveCfg = Debug|Any CPU
		{E938745B-57A3-4692-A704-A50E48AD0E75}.Debug|Any CPU.Build.0 = Debug|Any CPU
		{E938745B-57A3-4692-A704-A50E48AD0E75}.Release|Any CPU.ActiveCfg = Release|Any CPU
		{E938745B-57A3-4692-A704-A50E48AD0E75}.Release|Any CPU.Build.0 = Release|Any CPU
		{0E477BCF-780C-4B76-BE9C-F59AD5814093}.Debug|Any CPU.ActiveCfg = Debug|Any CPU
		{0E477BCF-780C-4B76-BE9C-F59AD5814093}.Debug|Any CPU.Build.0 = Debug|Any CPU
		{0E477BCF-780C-4B76-BE9C-F59AD5814093}.Release|Any CPU.ActiveCfg = Release|Any CPU
		{0E477BCF-780C-4B76-BE9C-F59AD5814093}.Release|Any CPU.Build.0 = Release|Any CPU
		{E8F36240-5E79-4DAC-80EB-26F0E8CBE74A}.Debug|Any CPU.ActiveCfg = Debug|Any CPU
		{E8F36240-5E79-4DAC-80EB-26F0E8CBE74A}.Debug|Any CPU.Build.0 = Debug|Any CPU
		{E8F36240-5E79-4DAC-80EB-26F0E8CBE74A}.Release|Any CPU.ActiveCfg = Release|Any CPU
		{E8F36240-5E79-4DAC-80EB-26F0E8CBE74A}.Release|Any CPU.Build.0 = Release|Any CPU
		{90D70B78-2096-434F-BB81-CD1D34B1E389}.Debug|Any CPU.ActiveCfg = Debug|Any CPU
		{90D70B78-2096-434F-BB81-CD1D34B1E389}.Debug|Any CPU.Build.0 = Debug|Any CPU
		{90D70B78-2096-434F-BB81-CD1D34B1E389}.Release|Any CPU.ActiveCfg = Release|Any CPU
		{90D70B78-2096-434F-BB81-CD1D34B1E389}.Release|Any CPU.Build.0 = Release|Any CPU
		{9C42A66D-2AD6-4543-A52D-2A4E6BF944AC}.Debug|Any CPU.ActiveCfg = Debug|Any CPU
		{9C42A66D-2AD6-4543-A52D-2A4E6BF944AC}.Debug|Any CPU.Build.0 = Debug|Any CPU
		{9C42A66D-2AD6-4543-A52D-2A4E6BF944AC}.Release|Any CPU.ActiveCfg = Release|Any CPU
		{9C42A66D-2AD6-4543-A52D-2A4E6BF944AC}.Release|Any CPU.Build.0 = Release|Any CPU
		{2FFFD345-5A48-4D80-AB2A-22843F76EBDB}.Debug|Any CPU.ActiveCfg = Debug|Any CPU
		{2FFFD345-5A48-4D80-AB2A-22843F76EBDB}.Debug|Any CPU.Build.0 = Debug|Any CPU
		{2FFFD345-5A48-4D80-AB2A-22843F76EBDB}.Release|Any CPU.ActiveCfg = Release|Any CPU
		{2FFFD345-5A48-4D80-AB2A-22843F76EBDB}.Release|Any CPU.Build.0 = Release|Any CPU
		{B5E1BD84-2C27-4C88-B426-93908A701405}.Debug|Any CPU.ActiveCfg = Debug|Any CPU
		{B5E1BD84-2C27-4C88-B426-93908A701405}.Debug|Any CPU.Build.0 = Debug|Any CPU
		{B5E1BD84-2C27-4C88-B426-93908A701405}.Release|Any CPU.ActiveCfg = Release|Any CPU
		{B5E1BD84-2C27-4C88-B426-93908A701405}.Release|Any CPU.Build.0 = Release|Any CPU
		{1E454E0A-A7F7-417E-A885-4256C11D8602}.Debug|Any CPU.ActiveCfg = Debug|Any CPU
		{1E454E0A-A7F7-417E-A885-4256C11D8602}.Debug|Any CPU.Build.0 = Debug|Any CPU
		{1E454E0A-A7F7-417E-A885-4256C11D8602}.Release|Any CPU.ActiveCfg = Release|Any CPU
		{1E454E0A-A7F7-417E-A885-4256C11D8602}.Release|Any CPU.Build.0 = Release|Any CPU
		{C8BE381C-5C97-4B54-81ED-A913237EBC8F}.Debug|Any CPU.ActiveCfg = Debug|Any CPU
		{C8BE381C-5C97-4B54-81ED-A913237EBC8F}.Debug|Any CPU.Build.0 = Debug|Any CPU
		{C8BE381C-5C97-4B54-81ED-A913237EBC8F}.Release|Any CPU.ActiveCfg = Release|Any CPU
		{C8BE381C-5C97-4B54-81ED-A913237EBC8F}.Release|Any CPU.Build.0 = Release|Any CPU
		{EBC3D3D4-74F1-4B32-AF19-A50512CFD420}.Debug|Any CPU.ActiveCfg = Debug|Any CPU
		{EBC3D3D4-74F1-4B32-AF19-A50512CFD420}.Debug|Any CPU.Build.0 = Debug|Any CPU
		{EBC3D3D4-74F1-4B32-AF19-A50512CFD420}.Release|Any CPU.ActiveCfg = Release|Any CPU
		{EBC3D3D4-74F1-4B32-AF19-A50512CFD420}.Release|Any CPU.Build.0 = Release|Any CPU
		{01706FE9-1862-4215-8948-F897CF6600FD}.Debug|Any CPU.ActiveCfg = Debug|Any CPU
		{01706FE9-1862-4215-8948-F897CF6600FD}.Debug|Any CPU.Build.0 = Debug|Any CPU
		{01706FE9-1862-4215-8948-F897CF6600FD}.Release|Any CPU.ActiveCfg = Release|Any CPU
		{01706FE9-1862-4215-8948-F897CF6600FD}.Release|Any CPU.Build.0 = Release|Any CPU
		{F6574F6E-6874-494B-A578-8E0989EE8D05}.Debug|Any CPU.ActiveCfg = Debug|Any CPU
		{F6574F6E-6874-494B-A578-8E0989EE8D05}.Debug|Any CPU.Build.0 = Debug|Any CPU
		{F6574F6E-6874-494B-A578-8E0989EE8D05}.Release|Any CPU.ActiveCfg = Release|Any CPU
		{F6574F6E-6874-494B-A578-8E0989EE8D05}.Release|Any CPU.Build.0 = Release|Any CPU
		{B9ECE55A-63CE-4557-A6BC-2BA48D4D8ADF}.Debug|Any CPU.ActiveCfg = Debug|Any CPU
		{B9ECE55A-63CE-4557-A6BC-2BA48D4D8ADF}.Debug|Any CPU.Build.0 = Debug|Any CPU
		{B9ECE55A-63CE-4557-A6BC-2BA48D4D8ADF}.Release|Any CPU.ActiveCfg = Release|Any CPU
		{B9ECE55A-63CE-4557-A6BC-2BA48D4D8ADF}.Release|Any CPU.Build.0 = Release|Any CPU
		{2DE4C818-8AE0-4E7A-839D-E236DC32CD31}.Debug|Any CPU.ActiveCfg = Debug|Any CPU
		{2DE4C818-8AE0-4E7A-839D-E236DC32CD31}.Debug|Any CPU.Build.0 = Debug|Any CPU
		{2DE4C818-8AE0-4E7A-839D-E236DC32CD31}.Release|Any CPU.ActiveCfg = Release|Any CPU
		{2DE4C818-8AE0-4E7A-839D-E236DC32CD31}.Release|Any CPU.Build.0 = Release|Any CPU
		{75C73A30-F6BD-43B3-AE5C-57EDA83FF710}.Debug|Any CPU.ActiveCfg = Debug|Any CPU
		{75C73A30-F6BD-43B3-AE5C-57EDA83FF710}.Debug|Any CPU.Build.0 = Debug|Any CPU
		{75C73A30-F6BD-43B3-AE5C-57EDA83FF710}.Release|Any CPU.ActiveCfg = Release|Any CPU
		{75C73A30-F6BD-43B3-AE5C-57EDA83FF710}.Release|Any CPU.Build.0 = Release|Any CPU
		{8F80DA9B-8DF0-45C8-86D5-545FE52D44E9}.Debug|Any CPU.ActiveCfg = Debug|Any CPU
		{8F80DA9B-8DF0-45C8-86D5-545FE52D44E9}.Debug|Any CPU.Build.0 = Debug|Any CPU
		{8F80DA9B-8DF0-45C8-86D5-545FE52D44E9}.Release|Any CPU.ActiveCfg = Release|Any CPU
		{8F80DA9B-8DF0-45C8-86D5-545FE52D44E9}.Release|Any CPU.Build.0 = Release|Any CPU
		{EAE68827-7123-4BCA-8B2C-39F54D39DAAF}.Debug|Any CPU.ActiveCfg = Debug|Any CPU
		{EAE68827-7123-4BCA-8B2C-39F54D39DAAF}.Debug|Any CPU.Build.0 = Debug|Any CPU
		{EAE68827-7123-4BCA-8B2C-39F54D39DAAF}.Release|Any CPU.ActiveCfg = Release|Any CPU
		{EAE68827-7123-4BCA-8B2C-39F54D39DAAF}.Release|Any CPU.Build.0 = Release|Any CPU
		{CE9847E7-D5A5-43CC-A4EE-97284B244C11}.Debug|Any CPU.ActiveCfg = Debug|Any CPU
		{CE9847E7-D5A5-43CC-A4EE-97284B244C11}.Debug|Any CPU.Build.0 = Debug|Any CPU
		{CE9847E7-D5A5-43CC-A4EE-97284B244C11}.Release|Any CPU.ActiveCfg = Release|Any CPU
		{CE9847E7-D5A5-43CC-A4EE-97284B244C11}.Release|Any CPU.Build.0 = Release|Any CPU
		{51B1F8C7-AA7A-4CD6-988B-F0DEB69CCE9D}.Debug|Any CPU.ActiveCfg = Debug|Any CPU
		{51B1F8C7-AA7A-4CD6-988B-F0DEB69CCE9D}.Debug|Any CPU.Build.0 = Debug|Any CPU
		{51B1F8C7-AA7A-4CD6-988B-F0DEB69CCE9D}.Release|Any CPU.ActiveCfg = Release|Any CPU
		{51B1F8C7-AA7A-4CD6-988B-F0DEB69CCE9D}.Release|Any CPU.Build.0 = Release|Any CPU
		{F951D11E-5A43-459F-A4E5-70E0E0E69468}.Debug|Any CPU.ActiveCfg = Debug|Any CPU
		{F951D11E-5A43-459F-A4E5-70E0E0E69468}.Debug|Any CPU.Build.0 = Debug|Any CPU
		{F951D11E-5A43-459F-A4E5-70E0E0E69468}.Release|Any CPU.ActiveCfg = Release|Any CPU
		{F951D11E-5A43-459F-A4E5-70E0E0E69468}.Release|Any CPU.Build.0 = Release|Any CPU
		{AF89661C-5EFB-4BC3-BFC6-724B3902CF1B}.Debug|Any CPU.ActiveCfg = Debug|Any CPU
		{AF89661C-5EFB-4BC3-BFC6-724B3902CF1B}.Debug|Any CPU.Build.0 = Debug|Any CPU
		{AF89661C-5EFB-4BC3-BFC6-724B3902CF1B}.Release|Any CPU.ActiveCfg = Release|Any CPU
		{AF89661C-5EFB-4BC3-BFC6-724B3902CF1B}.Release|Any CPU.Build.0 = Release|Any CPU
		{5ABB5FDC-4E4D-4C21-BCE1-3853D86E662E}.Debug|Any CPU.ActiveCfg = Debug|Any CPU
		{5ABB5FDC-4E4D-4C21-BCE1-3853D86E662E}.Debug|Any CPU.Build.0 = Debug|Any CPU
		{5ABB5FDC-4E4D-4C21-BCE1-3853D86E662E}.Release|Any CPU.ActiveCfg = Release|Any CPU
		{5ABB5FDC-4E4D-4C21-BCE1-3853D86E662E}.Release|Any CPU.Build.0 = Release|Any CPU
		{AB76D635-8D29-4F25-9148-E0A863D470A1}.Debug|Any CPU.ActiveCfg = Debug|Any CPU
		{AB76D635-8D29-4F25-9148-E0A863D470A1}.Debug|Any CPU.Build.0 = Debug|Any CPU
		{AB76D635-8D29-4F25-9148-E0A863D470A1}.Release|Any CPU.ActiveCfg = Release|Any CPU
		{AB76D635-8D29-4F25-9148-E0A863D470A1}.Release|Any CPU.Build.0 = Release|Any CPU
		{C714F947-6915-4EA6-A564-664F4C131CC7}.Debug|Any CPU.ActiveCfg = Debug|Any CPU
		{C714F947-6915-4EA6-A564-664F4C131CC7}.Debug|Any CPU.Build.0 = Debug|Any CPU
		{C714F947-6915-4EA6-A564-664F4C131CC7}.Release|Any CPU.ActiveCfg = Release|Any CPU
		{C714F947-6915-4EA6-A564-664F4C131CC7}.Release|Any CPU.Build.0 = Release|Any CPU
		{7AE447A4-D3BA-44AF-90BF-DB6815D26724}.Debug|Any CPU.ActiveCfg = Debug|Any CPU
		{7AE447A4-D3BA-44AF-90BF-DB6815D26724}.Debug|Any CPU.Build.0 = Debug|Any CPU
		{7AE447A4-D3BA-44AF-90BF-DB6815D26724}.Release|Any CPU.ActiveCfg = Release|Any CPU
		{7AE447A4-D3BA-44AF-90BF-DB6815D26724}.Release|Any CPU.Build.0 = Release|Any CPU
		{34649688-ED77-4256-91FE-06A6752C883A}.Debug|Any CPU.ActiveCfg = Debug|Any CPU
		{34649688-ED77-4256-91FE-06A6752C883A}.Debug|Any CPU.Build.0 = Debug|Any CPU
		{34649688-ED77-4256-91FE-06A6752C883A}.Release|Any CPU.ActiveCfg = Release|Any CPU
		{34649688-ED77-4256-91FE-06A6752C883A}.Release|Any CPU.Build.0 = Release|Any CPU
		{1F42C28B-243C-4C08-AEA3-16C01A31994B}.Debug|Any CPU.ActiveCfg = Debug|Any CPU
		{1F42C28B-243C-4C08-AEA3-16C01A31994B}.Debug|Any CPU.Build.0 = Debug|Any CPU
		{1F42C28B-243C-4C08-AEA3-16C01A31994B}.Release|Any CPU.ActiveCfg = Release|Any CPU
		{1F42C28B-243C-4C08-AEA3-16C01A31994B}.Release|Any CPU.Build.0 = Release|Any CPU
	EndGlobalSection
	GlobalSection(SolutionProperties) = preSolution
		HideSolutionNode = FALSE
	EndGlobalSection
	GlobalSection(ExtensibilityGlobals) = postSolution
		SolutionGuid = {CB6EC7E5-EADE-4165-B1AB-BFD0F3F04A68}
	EndGlobalSection
EndGlobal
