
Microsoft Visual Studio Solution File, Format Version 12.00
# Visual Studio Version 17
VisualStudioVersion = 17.14.36414.22 d17.14
MinimumVisualStudioVersion = 10.0.40219.1
Project("{FAE04EC0-301F-11D3-BF4B-00C04F79EFBC}") = "HelloWorld", "HelloWorld\HelloWorld.csproj", "{18C66676-7B86-4EDB-A891-44EE5F03E545}"
EndProject
Project("{FAE04EC0-301F-11D3-BF4B-00C04F79EFBC}") = "DataTypes", "DataTypes\DataTypes.csproj", "{B68BFC54-33D1-4AE0-8336-D4C11FA55FBE}"
EndProject
Project("{FAE04EC0-301F-11D3-BF4B-00C04F79EFBC}") = "WriteApp", "WriteApp\WriteApp.csproj", "{6D84781C-2E2F-46EA-B677-0688D842B4F6}"
EndProject
Project("{FAE04EC0-301F-11D3-BF4B-00C04F79EFBC}") = "ReadApp", "ReadApp\ReadApp.csproj", "{AD35A4F9-794B-4CD2-B9BC-92D8EF59C593}"
EndProject
Project("{FAE04EC0-301F-11D3-BF4B-00C04F79EFBC}") = "SafeReadApp", "SafeReadApp\SafeReadApp.csproj", "{770DFBD2-6B76-40B8-B3C3-2FB0C22FD2A6}"
EndProject
Project("{FAE04EC0-301F-11D3-BF4B-00C04F79EFBC}") = "ExpressionsApp", "ExpressionsApp\ExpressionsApp.csproj", "{3BC51540-62A6-409E-9C73-7445E4CC7955}"
EndProject
Project("{FAE04EC0-301F-11D3-BF4B-00C04F79EFBC}") = "EurosToDollars", "EurosToDollars\EurosToDollars.csproj", "{5131F6BE-79AE-4223-A127-ADE293BA8632}"
EndProject
Project("{FAE04EC0-301F-11D3-BF4B-00C04F79EFBC}") = "GradesApp", "GradesApp\GradesApp.csproj", "{131F28B9-E91D-482D-ABC7-8356135CDF63}"
EndProject
Project("{FAE04EC0-301F-11D3-BF4B-00C04F79EFBC}") = "TernaryApp", "TernaryApp\TernaryApp.csproj", "{51B4A67C-26B0-4635-9551-F0B070C5E843}"
EndProject
Project("{FAE04EC0-301F-11D3-BF4B-00C04F79EFBC}") = "WhileApp", "WhileApp\WhileApp.csproj", "{81069EFB-79D5-4175-959F-A568DE4FAD9E}"
EndProject
Project("{FAE04EC0-301F-11D3-BF4B-00C04F79EFBC}") = "IgnoreNegativesApp", "IgnoreNegativesApp\IgnoreNegativesApp.csproj", "{0865A3F8-CB66-49B4-9DC2-CA03E134B08D}"
EndProject
Project("{FAE04EC0-301F-11D3-BF4B-00C04F79EFBC}") = "BigIntegerApp", "BigIntegerApp\BigIntegerApp.csproj", "{E68BC8A3-65EB-4081-99A1-6D4DDEEECEE5}"
EndProject
Global
	GlobalSection(SolutionConfigurationPlatforms) = preSolution
		Debug|Any CPU = Debug|Any CPU
		Release|Any CPU = Release|Any CPU
	EndGlobalSection
	GlobalSection(ProjectConfigurationPlatforms) = postSolution
		{18C66676-7B86-4EDB-A891-44EE5F03E545}.Debug|Any CPU.ActiveCfg = Debug|Any CPU
		{18C66676-7B86-4EDB-A891-44EE5F03E545}.Debug|Any CPU.Build.0 = Debug|Any CPU
		{18C66676-7B86-4EDB-A891-44EE5F03E545}.Release|Any CPU.ActiveCfg = Release|Any CPU
		{18C66676-7B86-4EDB-A891-44EE5F03E545}.Release|Any CPU.Build.0 = Release|Any CPU
		{B68BFC54-33D1-4AE0-8336-D4C11FA55FBE}.Debug|Any CPU.ActiveCfg = Debug|Any CPU
		{B68BFC54-33D1-4AE0-8336-D4C11FA55FBE}.Debug|Any CPU.Build.0 = Debug|Any CPU
		{B68BFC54-33D1-4AE0-8336-D4C11FA55FBE}.Release|Any CPU.ActiveCfg = Release|Any CPU
		{B68BFC54-33D1-4AE0-8336-D4C11FA55FBE}.Release|Any CPU.Build.0 = Release|Any CPU
		{6D84781C-2E2F-46EA-B677-0688D842B4F6}.Debug|Any CPU.ActiveCfg = Debug|Any CPU
		{6D84781C-2E2F-46EA-B677-0688D842B4F6}.Debug|Any CPU.Build.0 = Debug|Any CPU
		{6D84781C-2E2F-46EA-B677-0688D842B4F6}.Release|Any CPU.ActiveCfg = Release|Any CPU
		{6D84781C-2E2F-46EA-B677-0688D842B4F6}.Release|Any CPU.Build.0 = Release|Any CPU
		{AD35A4F9-794B-4CD2-B9BC-92D8EF59C593}.Debug|Any CPU.ActiveCfg = Debug|Any CPU
		{AD35A4F9-794B-4CD2-B9BC-92D8EF59C593}.Debug|Any CPU.Build.0 = Debug|Any CPU
		{AD35A4F9-794B-4CD2-B9BC-92D8EF59C593}.Release|Any CPU.ActiveCfg = Release|Any CPU
		{AD35A4F9-794B-4CD2-B9BC-92D8EF59C593}.Release|Any CPU.Build.0 = Release|Any CPU
		{770DFBD2-6B76-40B8-B3C3-2FB0C22FD2A6}.Debug|Any CPU.ActiveCfg = Debug|Any CPU
		{770DFBD2-6B76-40B8-B3C3-2FB0C22FD2A6}.Debug|Any CPU.Build.0 = Debug|Any CPU
		{770DFBD2-6B76-40B8-B3C3-2FB0C22FD2A6}.Release|Any CPU.ActiveCfg = Release|Any CPU
		{770DFBD2-6B76-40B8-B3C3-2FB0C22FD2A6}.Release|Any CPU.Build.0 = Release|Any CPU
		{3BC51540-62A6-409E-9C73-7445E4CC7955}.Debug|Any CPU.ActiveCfg = Debug|Any CPU
		{3BC51540-62A6-409E-9C73-7445E4CC7955}.Debug|Any CPU.Build.0 = Debug|Any CPU
		{3BC51540-62A6-409E-9C73-7445E4CC7955}.Release|Any CPU.ActiveCfg = Release|Any CPU
		{3BC51540-62A6-409E-9C73-7445E4CC7955}.Release|Any CPU.Build.0 = Release|Any CPU
		{5131F6BE-79AE-4223-A127-ADE293BA8632}.Debug|Any CPU.ActiveCfg = Debug|Any CPU
		{5131F6BE-79AE-4223-A127-ADE293BA8632}.Debug|Any CPU.Build.0 = Debug|Any CPU
		{5131F6BE-79AE-4223-A127-ADE293BA8632}.Release|Any CPU.ActiveCfg = Release|Any CPU
		{5131F6BE-79AE-4223-A127-ADE293BA8632}.Release|Any CPU.Build.0 = Release|Any CPU
		{131F28B9-E91D-482D-ABC7-8356135CDF63}.Debug|Any CPU.ActiveCfg = Debug|Any CPU
		{131F28B9-E91D-482D-ABC7-8356135CDF63}.Debug|Any CPU.Build.0 = Debug|Any CPU
		{131F28B9-E91D-482D-ABC7-8356135CDF63}.Release|Any CPU.ActiveCfg = Release|Any CPU
		{131F28B9-E91D-482D-ABC7-8356135CDF63}.Release|Any CPU.Build.0 = Release|Any CPU
		{51B4A67C-26B0-4635-9551-F0B070C5E843}.Debug|Any CPU.ActiveCfg = Debug|Any CPU
		{51B4A67C-26B0-4635-9551-F0B070C5E843}.Debug|Any CPU.Build.0 = Debug|Any CPU
		{51B4A67C-26B0-4635-9551-F0B070C5E843}.Release|Any CPU.ActiveCfg = Release|Any CPU
		{51B4A67C-26B0-4635-9551-F0B070C5E843}.Release|Any CPU.Build.0 = Release|Any CPU
		{81069EFB-79D5-4175-959F-A568DE4FAD9E}.Debug|Any CPU.ActiveCfg = Debug|Any CPU
		{81069EFB-79D5-4175-959F-A568DE4FAD9E}.Debug|Any CPU.Build.0 = Debug|Any CPU
		{81069EFB-79D5-4175-959F-A568DE4FAD9E}.Release|Any CPU.ActiveCfg = Release|Any CPU
		{81069EFB-79D5-4175-959F-A568DE4FAD9E}.Release|Any CPU.Build.0 = Release|Any CPU
		{0865A3F8-CB66-49B4-9DC2-CA03E134B08D}.Debug|Any CPU.ActiveCfg = Debug|Any CPU
		{0865A3F8-CB66-49B4-9DC2-CA03E134B08D}.Debug|Any CPU.Build.0 = Debug|Any CPU
		{0865A3F8-CB66-49B4-9DC2-CA03E134B08D}.Release|Any CPU.ActiveCfg = Release|Any CPU
		{0865A3F8-CB66-49B4-9DC2-CA03E134B08D}.Release|Any CPU.Build.0 = Release|Any CPU
		{E68BC8A3-65EB-4081-99A1-6D4DDEEECEE5}.Debug|Any CPU.ActiveCfg = Debug|Any CPU
		{E68BC8A3-65EB-4081-99A1-6D4DDEEECEE5}.Debug|Any CPU.Build.0 = Debug|Any CPU
		{E68BC8A3-65EB-4081-99A1-6D4DDEEECEE5}.Release|Any CPU.ActiveCfg = Release|Any CPU
		{E68BC8A3-65EB-4081-99A1-6D4DDEEECEE5}.Release|Any CPU.Build.0 = Release|Any CPU
	EndGlobalSection
	GlobalSection(SolutionProperties) = preSolution
		HideSolutionNode = FALSE
	EndGlobalSection
	GlobalSection(ExtensibilityGlobals) = postSolution
		SolutionGuid = {CB6EC7E5-EADE-4165-B1AB-BFD0F3F04A68}
	EndGlobalSection
EndGlobal
